// !$*UTF8*$!
{
	archiveVersion = 1;
	classes = {
	};
	objectVersion = 50;
	objects = {

/* Begin PBXBuildFile section */
		BF15CBA50EC5F70DF45A6CC4 /* Pods_pass.framework in Frameworks */ = {isa = PBXBuildFile; fileRef = C9E50F9C81415E984F06C146 /* Pods_pass.framework */; };
		E5D209112130444F00232F61 /* AppDelegate.swift in Sources */ = {isa = PBXBuildFile; fileRef = E5D209102130444F00232F61 /* AppDelegate.swift */; };
		E5D209132130444F00232F61 /* EntryViewController.swift in Sources */ = {isa = PBXBuildFile; fileRef = E5D209122130444F00232F61 /* EntryViewController.swift */; };
		E5D209162130444F00232F61 /* Main.storyboard in Resources */ = {isa = PBXBuildFile; fileRef = E5D209142130444F00232F61 /* Main.storyboard */; };
		E5D209182130445000232F61 /* Assets.xcassets in Resources */ = {isa = PBXBuildFile; fileRef = E5D209172130445000232F61 /* Assets.xcassets */; };
		E5D2091B2130445000232F61 /* LaunchScreen.storyboard in Resources */ = {isa = PBXBuildFile; fileRef = E5D209192130445000232F61 /* LaunchScreen.storyboard */; };
		E5D209262130445000232F61 /* passTests.swift in Sources */ = {isa = PBXBuildFile; fileRef = E5D209252130445000232F61 /* passTests.swift */; };
		E5D209312130445000232F61 /* passUITests.swift in Sources */ = {isa = PBXBuildFile; fileRef = E5D209302130445000232F61 /* passUITests.swift */; };
		E5D209402130505C00232F61 /* API.swift in Sources */ = {isa = PBXBuildFile; fileRef = E5D2093F2130505C00232F61 /* API.swift */; };
		E5D209442130509B00232F61 /* UserDAO.swift in Sources */ = {isa = PBXBuildFile; fileRef = E5D209432130509B00232F61 /* UserDAO.swift */; };
		E5D20946213050A300232F61 /* PassDAO.swift in Sources */ = {isa = PBXBuildFile; fileRef = E5D20945213050A300232F61 /* PassDAO.swift */; };
		E5D20948213050AC00232F61 /* MarketDAO.swift in Sources */ = {isa = PBXBuildFile; fileRef = E5D20947213050AC00232F61 /* MarketDAO.swift */; };
		E5D2094C213050D500232F61 /* AWSUserDAO.swift in Sources */ = {isa = PBXBuildFile; fileRef = E5D2094B213050D500232F61 /* AWSUserDAO.swift */; };
		E5D2094E213050DD00232F61 /* AWSPassDAO.swift in Sources */ = {isa = PBXBuildFile; fileRef = E5D2094D213050DD00232F61 /* AWSPassDAO.swift */; };
		E5D20950213050E900232F61 /* AWSMarketDAO.swift in Sources */ = {isa = PBXBuildFile; fileRef = E5D2094F213050E900232F61 /* AWSMarketDAO.swift */; };
		E5D2095F2130559B00232F61 /* User.swift in Sources */ = {isa = PBXBuildFile; fileRef = E5D2095E2130559B00232F61 /* User.swift */; };
		E5D20961213055A200232F61 /* Pass.swift in Sources */ = {isa = PBXBuildFile; fileRef = E5D20960213055A200232F61 /* Pass.swift */; };
		E5D20963213055AA00232F61 /* Market.swift in Sources */ = {isa = PBXBuildFile; fileRef = E5D20962213055AA00232F61 /* Market.swift */; };
		E5D20967213063EF00232F61 /* Network.swift in Sources */ = {isa = PBXBuildFile; fileRef = E5D20965213063EF00232F61 /* Network.swift */; };
		E5D20968213063EF00232F61 /* AlamofireNetwork.swift in Sources */ = {isa = PBXBuildFile; fileRef = E5D20966213063EF00232F61 /* AlamofireNetwork.swift */; };
		E5D2096A2130648900232F61 /* Config.swift in Sources */ = {isa = PBXBuildFile; fileRef = E5D209692130648900232F61 /* Config.swift */; };
		E5D2096C2130661300232F61 /* AppTest.swift in Sources */ = {isa = PBXBuildFile; fileRef = E5D2096B2130661300232F61 /* AppTest.swift */; };
/* End PBXBuildFile section */

/* Begin PBXContainerItemProxy section */
		E5D209222130445000232F61 /* PBXContainerItemProxy */ = {
			isa = PBXContainerItemProxy;
			containerPortal = E5D209052130444F00232F61 /* Project object */;
			proxyType = 1;
			remoteGlobalIDString = E5D2090C2130444F00232F61;
			remoteInfo = pass;
		};
		E5D2092D2130445000232F61 /* PBXContainerItemProxy */ = {
			isa = PBXContainerItemProxy;
			containerPortal = E5D209052130444F00232F61 /* Project object */;
			proxyType = 1;
			remoteGlobalIDString = E5D2090C2130444F00232F61;
			remoteInfo = pass;
		};
/* End PBXContainerItemProxy section */

/* Begin PBXFileReference section */
		017667527B51668F6FB5A8CB /* Pods-pass.release.xcconfig */ = {isa = PBXFileReference; includeInIndex = 1; lastKnownFileType = text.xcconfig; name = "Pods-pass.release.xcconfig"; path = "Pods/Target Support Files/Pods-pass/Pods-pass.release.xcconfig"; sourceTree = "<group>"; };
		B79954129C651994725C532C /* Pods-pass.debug.xcconfig */ = {isa = PBXFileReference; includeInIndex = 1; lastKnownFileType = text.xcconfig; name = "Pods-pass.debug.xcconfig"; path = "Pods/Target Support Files/Pods-pass/Pods-pass.debug.xcconfig"; sourceTree = "<group>"; };
		C9E50F9C81415E984F06C146 /* Pods_pass.framework */ = {isa = PBXFileReference; explicitFileType = wrapper.framework; includeInIndex = 0; path = Pods_pass.framework; sourceTree = BUILT_PRODUCTS_DIR; };
		E5D2090D2130444F00232F61 /* pass.app */ = {isa = PBXFileReference; explicitFileType = wrapper.application; includeInIndex = 0; path = pass.app; sourceTree = BUILT_PRODUCTS_DIR; };
		E5D209102130444F00232F61 /* AppDelegate.swift */ = {isa = PBXFileReference; lastKnownFileType = sourcecode.swift; path = AppDelegate.swift; sourceTree = "<group>"; };
		E5D209122130444F00232F61 /* EntryViewController.swift */ = {isa = PBXFileReference; lastKnownFileType = sourcecode.swift; path = EntryViewController.swift; sourceTree = "<group>"; };
		E5D209152130444F00232F61 /* Base */ = {isa = PBXFileReference; lastKnownFileType = file.storyboard; name = Base; path = Base.lproj/Main.storyboard; sourceTree = "<group>"; };
		E5D209172130445000232F61 /* Assets.xcassets */ = {isa = PBXFileReference; lastKnownFileType = folder.assetcatalog; path = Assets.xcassets; sourceTree = "<group>"; };
		E5D2091A2130445000232F61 /* Base */ = {isa = PBXFileReference; lastKnownFileType = file.storyboard; name = Base; path = Base.lproj/LaunchScreen.storyboard; sourceTree = "<group>"; };
		E5D2091C2130445000232F61 /* Info.plist */ = {isa = PBXFileReference; lastKnownFileType = text.plist.xml; path = Info.plist; sourceTree = "<group>"; };
		E5D209212130445000232F61 /* passTests.xctest */ = {isa = PBXFileReference; explicitFileType = wrapper.cfbundle; includeInIndex = 0; path = passTests.xctest; sourceTree = BUILT_PRODUCTS_DIR; };
		E5D209252130445000232F61 /* passTests.swift */ = {isa = PBXFileReference; lastKnownFileType = sourcecode.swift; path = passTests.swift; sourceTree = "<group>"; };
		E5D209272130445000232F61 /* Info.plist */ = {isa = PBXFileReference; lastKnownFileType = text.plist.xml; path = Info.plist; sourceTree = "<group>"; };
		E5D2092C2130445000232F61 /* passUITests.xctest */ = {isa = PBXFileReference; explicitFileType = wrapper.cfbundle; includeInIndex = 0; path = passUITests.xctest; sourceTree = BUILT_PRODUCTS_DIR; };
		E5D209302130445000232F61 /* passUITests.swift */ = {isa = PBXFileReference; lastKnownFileType = sourcecode.swift; path = passUITests.swift; sourceTree = "<group>"; };
		E5D209322130445000232F61 /* Info.plist */ = {isa = PBXFileReference; lastKnownFileType = text.plist.xml; path = Info.plist; sourceTree = "<group>"; };
		E5D2093F2130505C00232F61 /* API.swift */ = {isa = PBXFileReference; lastKnownFileType = sourcecode.swift; path = API.swift; sourceTree = "<group>"; };
		E5D209432130509B00232F61 /* UserDAO.swift */ = {isa = PBXFileReference; lastKnownFileType = sourcecode.swift; path = UserDAO.swift; sourceTree = "<group>"; };
		E5D20945213050A300232F61 /* PassDAO.swift */ = {isa = PBXFileReference; lastKnownFileType = sourcecode.swift; path = PassDAO.swift; sourceTree = "<group>"; };
		E5D20947213050AC00232F61 /* MarketDAO.swift */ = {isa = PBXFileReference; lastKnownFileType = sourcecode.swift; path = MarketDAO.swift; sourceTree = "<group>"; };
		E5D2094B213050D500232F61 /* AWSUserDAO.swift */ = {isa = PBXFileReference; lastKnownFileType = sourcecode.swift; path = AWSUserDAO.swift; sourceTree = "<group>"; };
		E5D2094D213050DD00232F61 /* AWSPassDAO.swift */ = {isa = PBXFileReference; lastKnownFileType = sourcecode.swift; path = AWSPassDAO.swift; sourceTree = "<group>"; };
		E5D2094F213050E900232F61 /* AWSMarketDAO.swift */ = {isa = PBXFileReference; lastKnownFileType = sourcecode.swift; path = AWSMarketDAO.swift; sourceTree = "<group>"; };
		E5D2095E2130559B00232F61 /* User.swift */ = {isa = PBXFileReference; lastKnownFileType = sourcecode.swift; path = User.swift; sourceTree = "<group>"; };
		E5D20960213055A200232F61 /* Pass.swift */ = {isa = PBXFileReference; lastKnownFileType = sourcecode.swift; path = Pass.swift; sourceTree = "<group>"; };
		E5D20962213055AA00232F61 /* Market.swift */ = {isa = PBXFileReference; lastKnownFileType = sourcecode.swift; path = Market.swift; sourceTree = "<group>"; };
		E5D20965213063EF00232F61 /* Network.swift */ = {isa = PBXFileReference; fileEncoding = 4; lastKnownFileType = sourcecode.swift; name = Network.swift; path = pass/Network/Network.swift; sourceTree = SOURCE_ROOT; };
		E5D20966213063EF00232F61 /* AlamofireNetwork.swift */ = {isa = PBXFileReference; fileEncoding = 4; lastKnownFileType = sourcecode.swift; name = AlamofireNetwork.swift; path = pass/Network/AlamofireNetwork.swift; sourceTree = SOURCE_ROOT; };
		E5D209692130648900232F61 /* Config.swift */ = {isa = PBXFileReference; lastKnownFileType = sourcecode.swift; path = Config.swift; sourceTree = "<group>"; };
		E5D2096B2130661300232F61 /* AppTest.swift */ = {isa = PBXFileReference; lastKnownFileType = sourcecode.swift; path = AppTest.swift; sourceTree = "<group>"; };
/* End PBXFileReference section */

/* Begin PBXFrameworksBuildPhase section */
		E5D2090A2130444F00232F61 /* Frameworks */ = {
			isa = PBXFrameworksBuildPhase;
			buildActionMask = 2147483647;
			files = (
				BF15CBA50EC5F70DF45A6CC4 /* Pods_pass.framework in Frameworks */,
			);
			runOnlyForDeploymentPostprocessing = 0;
		};
		E5D2091E2130445000232F61 /* Frameworks */ = {
			isa = PBXFrameworksBuildPhase;
			buildActionMask = 2147483647;
			files = (
			);
			runOnlyForDeploymentPostprocessing = 0;
		};
		E5D209292130445000232F61 /* Frameworks */ = {
			isa = PBXFrameworksBuildPhase;
			buildActionMask = 2147483647;
			files = (
			);
			runOnlyForDeploymentPostprocessing = 0;
		};
/* End PBXFrameworksBuildPhase section */

/* Begin PBXGroup section */
		74BF714A850D2C257ED9C1CE /* Frameworks */ = {
			isa = PBXGroup;
			children = (
				C9E50F9C81415E984F06C146 /* Pods_pass.framework */,
			);
			name = Frameworks;
			sourceTree = "<group>";
		};
		B66E5E1DA4D76084293A4390 /* Pods */ = {
			isa = PBXGroup;
			children = (
				B79954129C651994725C532C /* Pods-pass.debug.xcconfig */,
				017667527B51668F6FB5A8CB /* Pods-pass.release.xcconfig */,
			);
			name = Pods;
			sourceTree = "<group>";
		};
		E5D209042130444F00232F61 = {
			isa = PBXGroup;
			children = (
				E5D2090F2130444F00232F61 /* pass */,
				E5D209242130445000232F61 /* passTests */,
				E5D2092F2130445000232F61 /* passUITests */,
				E5D2090E2130444F00232F61 /* Products */,
				B66E5E1DA4D76084293A4390 /* Pods */,
				74BF714A850D2C257ED9C1CE /* Frameworks */,
			);
			sourceTree = "<group>";
		};
		E5D2090E2130444F00232F61 /* Products */ = {
			isa = PBXGroup;
			children = (
				E5D2090D2130444F00232F61 /* pass.app */,
				E5D209212130445000232F61 /* passTests.xctest */,
				E5D2092C2130445000232F61 /* passUITests.xctest */,
			);
			name = Products;
			sourceTree = "<group>";
		};
		E5D2090F2130444F00232F61 /* pass */ = {
			isa = PBXGroup;
			children = (
				E5D209692130648900232F61 /* Config.swift */,
				E5D2096B2130661300232F61 /* AppTest.swift */,
				E5D2093E2130504900232F61 /* Network */,
				E5D209102130444F00232F61 /* AppDelegate.swift */,
				E5D209122130444F00232F61 /* EntryViewController.swift */,
				E5D209142130444F00232F61 /* Main.storyboard */,
				E5D209172130445000232F61 /* Assets.xcassets */,
				E5D209192130445000232F61 /* LaunchScreen.storyboard */,
				E5D2091C2130445000232F61 /* Info.plist */,
			);
			path = pass;
			sourceTree = "<group>";
		};
		E5D209242130445000232F61 /* passTests */ = {
			isa = PBXGroup;
			children = (
				E5D209252130445000232F61 /* passTests.swift */,
				E5D209272130445000232F61 /* Info.plist */,
			);
			path = passTests;
			sourceTree = "<group>";
		};
		E5D2092F2130445000232F61 /* passUITests */ = {
			isa = PBXGroup;
			children = (
				E5D209302130445000232F61 /* passUITests.swift */,
				E5D209322130445000232F61 /* Info.plist */,
			);
			path = passUITests;
			sourceTree = "<group>";
		};
		E5D2093E2130504900232F61 /* Network */ = {
			isa = PBXGroup;
			children = (
				E5D209412130507A00232F61 /* DAO */,
				E5D2093F2130505C00232F61 /* API.swift */,
			);
			path = Network;
			sourceTree = "<group>";
		};
		E5D209412130507A00232F61 /* DAO */ = {
			isa = PBXGroup;
			children = (
				E5D209642130637A00232F61 /* HTTP */,
				E5D2095D2130558500232F61 /* Model */,
				E5D2094A213050B700232F61 /* AWSImp */,
				E5D209422130508300232F61 /* Protocol */,
			);
			path = DAO;
			sourceTree = "<group>";
		};
		E5D209422130508300232F61 /* Protocol */ = {
			isa = PBXGroup;
			children = (
				E5D209432130509B00232F61 /* UserDAO.swift */,
				E5D20945213050A300232F61 /* PassDAO.swift */,
				E5D20947213050AC00232F61 /* MarketDAO.swift */,
			);
			path = Protocol;
			sourceTree = "<group>";
		};
		E5D2094A213050B700232F61 /* AWSImp */ = {
			isa = PBXGroup;
			children = (
				E5D2094B213050D500232F61 /* AWSUserDAO.swift */,
				E5D2094D213050DD00232F61 /* AWSPassDAO.swift */,
				E5D2094F213050E900232F61 /* AWSMarketDAO.swift */,
			);
			path = AWSImp;
			sourceTree = "<group>";
		};
		E5D2095D2130558500232F61 /* Model */ = {
			isa = PBXGroup;
			children = (
				E5D2095E2130559B00232F61 /* User.swift */,
				E5D20960213055A200232F61 /* Pass.swift */,
				E5D20962213055AA00232F61 /* Market.swift */,
			);
			path = Model;
			sourceTree = "<group>";
		};
		E5D209642130637A00232F61 /* HTTP */ = {
			isa = PBXGroup;
			children = (
				E5D20966213063EF00232F61 /* AlamofireNetwork.swift */,
				E5D20965213063EF00232F61 /* Network.swift */,
			);
			path = HTTP;
			sourceTree = "<group>";
		};
/* End PBXGroup section */

/* Begin PBXNativeTarget section */
		E5D2090C2130444F00232F61 /* pass */ = {
			isa = PBXNativeTarget;
			buildConfigurationList = E5D209352130445000232F61 /* Build configuration list for PBXNativeTarget "pass" */;
			buildPhases = (
				5B2A3E5935D0299559405754 /* [CP] Check Pods Manifest.lock */,
				E5D209092130444F00232F61 /* Sources */,
				E5D2090A2130444F00232F61 /* Frameworks */,
				E5D2090B2130444F00232F61 /* Resources */,
				F66EB4546F33C6775CE264E9 /* [CP] Embed Pods Frameworks */,
			);
			buildRules = (
			);
			dependencies = (
			);
			name = pass;
			productName = pass;
			productReference = E5D2090D2130444F00232F61 /* pass.app */;
			productType = "com.apple.product-type.application";
		};
		E5D209202130445000232F61 /* passTests */ = {
			isa = PBXNativeTarget;
			buildConfigurationList = E5D209382130445000232F61 /* Build configuration list for PBXNativeTarget "passTests" */;
			buildPhases = (
				E5D2091D2130445000232F61 /* Sources */,
				E5D2091E2130445000232F61 /* Frameworks */,
				E5D2091F2130445000232F61 /* Resources */,
			);
			buildRules = (
			);
			dependencies = (
				E5D209232130445000232F61 /* PBXTargetDependency */,
			);
			name = passTests;
			productName = passTests;
			productReference = E5D209212130445000232F61 /* passTests.xctest */;
			productType = "com.apple.product-type.bundle.unit-test";
		};
		E5D2092B2130445000232F61 /* passUITests */ = {
			isa = PBXNativeTarget;
			buildConfigurationList = E5D2093B2130445000232F61 /* Build configuration list for PBXNativeTarget "passUITests" */;
			buildPhases = (
				E5D209282130445000232F61 /* Sources */,
				E5D209292130445000232F61 /* Frameworks */,
				E5D2092A2130445000232F61 /* Resources */,
			);
			buildRules = (
			);
			dependencies = (
				E5D2092E2130445000232F61 /* PBXTargetDependency */,
			);
			name = passUITests;
			productName = passUITests;
			productReference = E5D2092C2130445000232F61 /* passUITests.xctest */;
			productType = "com.apple.product-type.bundle.ui-testing";
		};
/* End PBXNativeTarget section */

/* Begin PBXProject section */
		E5D209052130444F00232F61 /* Project object */ = {
			isa = PBXProject;
			attributes = {
				LastSwiftUpdateCheck = 0940;
				LastUpgradeCheck = 0940;
				ORGANIZATIONNAME = SogangRelease2018;
				TargetAttributes = {
					E5D2090C2130444F00232F61 = {
						CreatedOnToolsVersion = 9.4.1;
					};
					E5D209202130445000232F61 = {
						CreatedOnToolsVersion = 9.4.1;
						TestTargetID = E5D2090C2130444F00232F61;
					};
					E5D2092B2130445000232F61 = {
						CreatedOnToolsVersion = 9.4.1;
						TestTargetID = E5D2090C2130444F00232F61;
					};
				};
			};
			buildConfigurationList = E5D209082130444F00232F61 /* Build configuration list for PBXProject "pass" */;
			compatibilityVersion = "Xcode 9.3";
			developmentRegion = en;
			hasScannedForEncodings = 0;
			knownRegions = (
				en,
				Base,
			);
			mainGroup = E5D209042130444F00232F61;
			productRefGroup = E5D2090E2130444F00232F61 /* Products */;
			projectDirPath = "";
			projectRoot = "";
			targets = (
				E5D2090C2130444F00232F61 /* pass */,
				E5D209202130445000232F61 /* passTests */,
				E5D2092B2130445000232F61 /* passUITests */,
			);
		};
/* End PBXProject section */

/* Begin PBXResourcesBuildPhase section */
		E5D2090B2130444F00232F61 /* Resources */ = {
			isa = PBXResourcesBuildPhase;
			buildActionMask = 2147483647;
			files = (
				E5D2091B2130445000232F61 /* LaunchScreen.storyboard in Resources */,
				E5D209182130445000232F61 /* Assets.xcassets in Resources */,
				E5D209162130444F00232F61 /* Main.storyboard in Resources */,
			);
			runOnlyForDeploymentPostprocessing = 0;
		};
		E5D2091F2130445000232F61 /* Resources */ = {
			isa = PBXResourcesBuildPhase;
			buildActionMask = 2147483647;
			files = (
			);
			runOnlyForDeploymentPostprocessing = 0;
		};
		E5D2092A2130445000232F61 /* Resources */ = {
			isa = PBXResourcesBuildPhase;
			buildActionMask = 2147483647;
			files = (
			);
			runOnlyForDeploymentPostprocessing = 0;
		};
/* End PBXResourcesBuildPhase section */

/* Begin PBXShellScriptBuildPhase section */
		5B2A3E5935D0299559405754 /* [CP] Check Pods Manifest.lock */ = {
			isa = PBXShellScriptBuildPhase;
			buildActionMask = 2147483647;
			files = (
			);
			inputPaths = (
				"${PODS_PODFILE_DIR_PATH}/Podfile.lock",
				"${PODS_ROOT}/Manifest.lock",
			);
			name = "[CP] Check Pods Manifest.lock";
			outputPaths = (
				"$(DERIVED_FILE_DIR)/Pods-pass-checkManifestLockResult.txt",
			);
			runOnlyForDeploymentPostprocessing = 0;
			shellPath = /bin/sh;
			shellScript = "diff \"${PODS_PODFILE_DIR_PATH}/Podfile.lock\" \"${PODS_ROOT}/Manifest.lock\" > /dev/null\nif [ $? != 0 ] ; then\n    # print error to STDERR\n    echo \"error: The sandbox is not in sync with the Podfile.lock. Run 'pod install' or update your CocoaPods installation.\" >&2\n    exit 1\nfi\n# This output is used by Xcode 'outputs' to avoid re-running this script phase.\necho \"SUCCESS\" > \"${SCRIPT_OUTPUT_FILE_0}\"\n";
			showEnvVarsInLog = 0;
		};
		F66EB4546F33C6775CE264E9 /* [CP] Embed Pods Frameworks */ = {
			isa = PBXShellScriptBuildPhase;
			buildActionMask = 2147483647;
			files = (
			);
			inputPaths = (
				"${SRCROOT}/Pods/Target Support Files/Pods-pass/Pods-pass-frameworks.sh",
				"${BUILT_PRODUCTS_DIR}/ActionKit/ActionKit.framework",
				"${BUILT_PRODUCTS_DIR}/Alamofire/Alamofire.framework",
				"${BUILT_PRODUCTS_DIR}/JDStatusBarNotification/JDStatusBarNotification.framework",
				"${BUILT_PRODUCTS_DIR}/STPopup/STPopup.framework",
				"${BUILT_PRODUCTS_DIR}/SwiftyJSON/SwiftyJSON.framework",
				"${BUILT_PRODUCTS_DIR}/UIScrollView-InfiniteScroll/UIScrollView_InfiniteScroll.framework",
				"${BUILT_PRODUCTS_DIR}/UITextView+Placeholder/UITextView_Placeholder.framework",
			);
			name = "[CP] Embed Pods Frameworks";
			outputPaths = (
				"${TARGET_BUILD_DIR}/${FRAMEWORKS_FOLDER_PATH}/ActionKit.framework",
				"${TARGET_BUILD_DIR}/${FRAMEWORKS_FOLDER_PATH}/Alamofire.framework",
				"${TARGET_BUILD_DIR}/${FRAMEWORKS_FOLDER_PATH}/JDStatusBarNotification.framework",
				"${TARGET_BUILD_DIR}/${FRAMEWORKS_FOLDER_PATH}/STPopup.framework",
				"${TARGET_BUILD_DIR}/${FRAMEWORKS_FOLDER_PATH}/SwiftyJSON.framework",
				"${TARGET_BUILD_DIR}/${FRAMEWORKS_FOLDER_PATH}/UIScrollView_InfiniteScroll.framework",
				"${TARGET_BUILD_DIR}/${FRAMEWORKS_FOLDER_PATH}/UITextView_Placeholder.framework",
			);
			runOnlyForDeploymentPostprocessing = 0;
			shellPath = /bin/sh;
			shellScript = "\"${SRCROOT}/Pods/Target Support Files/Pods-pass/Pods-pass-frameworks.sh\"\n";
			showEnvVarsInLog = 0;
		};
/* End PBXShellScriptBuildPhase section */

/* Begin PBXSourcesBuildPhase section */
		E5D209092130444F00232F61 /* Sources */ = {
			isa = PBXSourcesBuildPhase;
			buildActionMask = 2147483647;
			files = (
				E5D20967213063EF00232F61 /* Network.swift in Sources */,
				E5D209132130444F00232F61 /* EntryViewController.swift in Sources */,
				E5D2094E213050DD00232F61 /* AWSPassDAO.swift in Sources */,
				E5D2096A2130648900232F61 /* Config.swift in Sources */,
				E5D20950213050E900232F61 /* AWSMarketDAO.swift in Sources */,
				E5D209402130505C00232F61 /* API.swift in Sources */,
				E5D2094C213050D500232F61 /* AWSUserDAO.swift in Sources */,
				E5D20948213050AC00232F61 /* MarketDAO.swift in Sources */,
				E5D209112130444F00232F61 /* AppDelegate.swift in Sources */,
				E5D2096C2130661300232F61 /* AppTest.swift in Sources */,
				E5D20946213050A300232F61 /* PassDAO.swift in Sources */,
				E5D20968213063EF00232F61 /* AlamofireNetwork.swift in Sources */,
				E5D20961213055A200232F61 /* Pass.swift in Sources */,
				E5D2095F2130559B00232F61 /* User.swift in Sources */,
				E5D209442130509B00232F61 /* UserDAO.swift in Sources */,
				E5D20963213055AA00232F61 /* Market.swift in Sources */,
			);
			runOnlyForDeploymentPostprocessing = 0;
		};
		E5D2091D2130445000232F61 /* Sources */ = {
			isa = PBXSourcesBuildPhase;
			buildActionMask = 2147483647;
			files = (
				E5D209262130445000232F61 /* passTests.swift in Sources */,
			);
			runOnlyForDeploymentPostprocessing = 0;
		};
		E5D209282130445000232F61 /* Sources */ = {
			isa = PBXSourcesBuildPhase;
			buildActionMask = 2147483647;
			files = (
				E5D209312130445000232F61 /* passUITests.swift in Sources */,
			);
			runOnlyForDeploymentPostprocessing = 0;
		};
/* End PBXSourcesBuildPhase section */

/* Begin PBXTargetDependency section */
		E5D209232130445000232F61 /* PBXTargetDependency */ = {
			isa = PBXTargetDependency;
			target = E5D2090C2130444F00232F61 /* pass */;
			targetProxy = E5D209222130445000232F61 /* PBXContainerItemProxy */;
		};
		E5D2092E2130445000232F61 /* PBXTargetDependency */ = {
			isa = PBXTargetDependency;
			target = E5D2090C2130444F00232F61 /* pass */;
			targetProxy = E5D2092D2130445000232F61 /* PBXContainerItemProxy */;
		};
/* End PBXTargetDependency section */

/* Begin PBXVariantGroup section */
		E5D209142130444F00232F61 /* Main.storyboard */ = {
			isa = PBXVariantGroup;
			children = (
				E5D209152130444F00232F61 /* Base */,
			);
			name = Main.storyboard;
			sourceTree = "<group>";
		};
		E5D209192130445000232F61 /* LaunchScreen.storyboard */ = {
			isa = PBXVariantGroup;
			children = (
				E5D2091A2130445000232F61 /* Base */,
			);
			name = LaunchScreen.storyboard;
			sourceTree = "<group>";
		};
/* End PBXVariantGroup section */

/* Begin XCBuildConfiguration section */
		E5D209332130445000232F61 /* Debug */ = {
			isa = XCBuildConfiguration;
			buildSettings = {
				ALWAYS_SEARCH_USER_PATHS = NO;
				CLANG_ANALYZER_NONNULL = YES;
				CLANG_ANALYZER_NUMBER_OBJECT_CONVERSION = YES_AGGRESSIVE;
				CLANG_CXX_LANGUAGE_STANDARD = "gnu++14";
				CLANG_CXX_LIBRARY = "libc++";
				CLANG_ENABLE_MODULES = YES;
				CLANG_ENABLE_OBJC_ARC = YES;
				CLANG_ENABLE_OBJC_WEAK = YES;
				CLANG_WARN_BLOCK_CAPTURE_AUTORELEASING = YES;
				CLANG_WARN_BOOL_CONVERSION = YES;
				CLANG_WARN_COMMA = YES;
				CLANG_WARN_CONSTANT_CONVERSION = YES;
				CLANG_WARN_DEPRECATED_OBJC_IMPLEMENTATIONS = YES;
				CLANG_WARN_DIRECT_OBJC_ISA_USAGE = YES_ERROR;
				CLANG_WARN_DOCUMENTATION_COMMENTS = YES;
				CLANG_WARN_EMPTY_BODY = YES;
				CLANG_WARN_ENUM_CONVERSION = YES;
				CLANG_WARN_INFINITE_RECURSION = YES;
				CLANG_WARN_INT_CONVERSION = YES;
				CLANG_WARN_NON_LITERAL_NULL_CONVERSION = YES;
				CLANG_WARN_OBJC_IMPLICIT_RETAIN_SELF = YES;
				CLANG_WARN_OBJC_LITERAL_CONVERSION = YES;
				CLANG_WARN_OBJC_ROOT_CLASS = YES_ERROR;
				CLANG_WARN_RANGE_LOOP_ANALYSIS = YES;
				CLANG_WARN_STRICT_PROTOTYPES = YES;
				CLANG_WARN_SUSPICIOUS_MOVE = YES;
				CLANG_WARN_UNGUARDED_AVAILABILITY = YES_AGGRESSIVE;
				CLANG_WARN_UNREACHABLE_CODE = YES;
				CLANG_WARN__DUPLICATE_METHOD_MATCH = YES;
				CODE_SIGN_IDENTITY = "iPhone Developer";
				COPY_PHASE_STRIP = NO;
				DEBUG_INFORMATION_FORMAT = dwarf;
				ENABLE_STRICT_OBJC_MSGSEND = YES;
				ENABLE_TESTABILITY = YES;
				GCC_C_LANGUAGE_STANDARD = gnu11;
				GCC_DYNAMIC_NO_PIC = NO;
				GCC_NO_COMMON_BLOCKS = YES;
				GCC_OPTIMIZATION_LEVEL = 0;
				GCC_PREPROCESSOR_DEFINITIONS = (
					"DEBUG=1",
					"$(inherited)",
				);
				GCC_WARN_64_TO_32_BIT_CONVERSION = YES;
				GCC_WARN_ABOUT_RETURN_TYPE = YES_ERROR;
				GCC_WARN_UNDECLARED_SELECTOR = YES;
				GCC_WARN_UNINITIALIZED_AUTOS = YES_AGGRESSIVE;
				GCC_WARN_UNUSED_FUNCTION = YES;
				GCC_WARN_UNUSED_VARIABLE = YES;
				IPHONEOS_DEPLOYMENT_TARGET = 11.4;
				MTL_ENABLE_DEBUG_INFO = YES;
				ONLY_ACTIVE_ARCH = YES;
				SDKROOT = iphoneos;
				SWIFT_ACTIVE_COMPILATION_CONDITIONS = DEBUG;
				SWIFT_OPTIMIZATION_LEVEL = "-Onone";
			};
			name = Debug;
		};
		E5D209342130445000232F61 /* Release */ = {
			isa = XCBuildConfiguration;
			buildSettings = {
				ALWAYS_SEARCH_USER_PATHS = NO;
				CLANG_ANALYZER_NONNULL = YES;
				CLANG_ANALYZER_NUMBER_OBJECT_CONVERSION = YES_AGGRESSIVE;
				CLANG_CXX_LANGUAGE_STANDARD = "gnu++14";
				CLANG_CXX_LIBRARY = "libc++";
				CLANG_ENABLE_MODULES = YES;
				CLANG_ENABLE_OBJC_ARC = YES;
				CLANG_ENABLE_OBJC_WEAK = YES;
				CLANG_WARN_BLOCK_CAPTURE_AUTORELEASING = YES;
				CLANG_WARN_BOOL_CONVERSION = YES;
				CLANG_WARN_COMMA = YES;
				CLANG_WARN_CONSTANT_CONVERSION = YES;
				CLANG_WARN_DEPRECATED_OBJC_IMPLEMENTATIONS = YES;
				CLANG_WARN_DIRECT_OBJC_ISA_USAGE = YES_ERROR;
				CLANG_WARN_DOCUMENTATION_COMMENTS = YES;
				CLANG_WARN_EMPTY_BODY = YES;
				CLANG_WARN_ENUM_CONVERSION = YES;
				CLANG_WARN_INFINITE_RECURSION = YES;
				CLANG_WARN_INT_CONVERSION = YES;
				CLANG_WARN_NON_LITERAL_NULL_CONVERSION = YES;
				CLANG_WARN_OBJC_IMPLICIT_RETAIN_SELF = YES;
				CLANG_WARN_OBJC_LITERAL_CONVERSION = YES;
				CLANG_WARN_OBJC_ROOT_CLASS = YES_ERROR;
				CLANG_WARN_RANGE_LOOP_ANALYSIS = YES;
				CLANG_WARN_STRICT_PROTOTYPES = YES;
				CLANG_WARN_SUSPICIOUS_MOVE = YES;
				CLANG_WARN_UNGUARDED_AVAILABILITY = YES_AGGRESSIVE;
				CLANG_WARN_UNREACHABLE_CODE = YES;
				CLANG_WARN__DUPLICATE_METHOD_MATCH = YES;
				CODE_SIGN_IDENTITY = "iPhone Developer";
				COPY_PHASE_STRIP = NO;
				DEBUG_INFORMATION_FORMAT = "dwarf-with-dsym";
				ENABLE_NS_ASSERTIONS = NO;
				ENABLE_STRICT_OBJC_MSGSEND = YES;
				GCC_C_LANGUAGE_STANDARD = gnu11;
				GCC_NO_COMMON_BLOCKS = YES;
				GCC_WARN_64_TO_32_BIT_CONVERSION = YES;
				GCC_WARN_ABOUT_RETURN_TYPE = YES_ERROR;
				GCC_WARN_UNDECLARED_SELECTOR = YES;
				GCC_WARN_UNINITIALIZED_AUTOS = YES_AGGRESSIVE;
				GCC_WARN_UNUSED_FUNCTION = YES;
				GCC_WARN_UNUSED_VARIABLE = YES;
				IPHONEOS_DEPLOYMENT_TARGET = 11.4;
				MTL_ENABLE_DEBUG_INFO = NO;
				SDKROOT = iphoneos;
				SWIFT_COMPILATION_MODE = wholemodule;
				SWIFT_OPTIMIZATION_LEVEL = "-O";
				VALIDATE_PRODUCT = YES;
			};
			name = Release;
		};
		E5D209362130445000232F61 /* Debug */ = {
			isa = XCBuildConfiguration;
			baseConfigurationReference = B79954129C651994725C532C /* Pods-pass.debug.xcconfig */;
			buildSettings = {
				ASSETCATALOG_COMPILER_APPICON_NAME = AppIcon;
				CODE_SIGN_STYLE = Automatic;
				DEVELOPMENT_TEAM = CLD4662W5Q;
				INFOPLIST_FILE = pass/Info.plist;
				LD_RUNPATH_SEARCH_PATHS = (
					"$(inherited)",
					"@executable_path/Frameworks",
				);
				PRODUCT_BUNDLE_IDENTIFIER = com.release.pass;
				PRODUCT_NAME = "$(TARGET_NAME)";
				SWIFT_VERSION = 4.0;
				TARGETED_DEVICE_FAMILY = "1,2";
			};
			name = Debug;
		};
		E5D209372130445000232F61 /* Release */ = {
			isa = XCBuildConfiguration;
			baseConfigurationReference = 017667527B51668F6FB5A8CB /* Pods-pass.release.xcconfig */;
			buildSettings = {
				ASSETCATALOG_COMPILER_APPICON_NAME = AppIcon;
				CODE_SIGN_STYLE = Automatic;
				DEVELOPMENT_TEAM = CLD4662W5Q;
				INFOPLIST_FILE = pass/Info.plist;
				LD_RUNPATH_SEARCH_PATHS = (
					"$(inherited)",
					"@executable_path/Frameworks",
				);
				PRODUCT_BUNDLE_IDENTIFIER = com.release.pass;
				PRODUCT_NAME = "$(TARGET_NAME)";
				SWIFT_VERSION = 4.0;
				TARGETED_DEVICE_FAMILY = "1,2";
			};
			name = Release;
		};
		E5D209392130445000232F61 /* Debug */ = {
			isa = XCBuildConfiguration;
			buildSettings = {
				ALWAYS_EMBED_SWIFT_STANDARD_LIBRARIES = YES;
				BUNDLE_LOADER = "$(TEST_HOST)";
				CODE_SIGN_STYLE = Automatic;
				DEVELOPMENT_TEAM = CLD4662W5Q;
				INFOPLIST_FILE = passTests/Info.plist;
				LD_RUNPATH_SEARCH_PATHS = (
					"$(inherited)",
					"@executable_path/Frameworks",
					"@loader_path/Frameworks",
				);
				PRODUCT_BUNDLE_IDENTIFIER = com.release.passTests;
				PRODUCT_NAME = "$(TARGET_NAME)";
				SWIFT_VERSION = 4.0;
				TARGETED_DEVICE_FAMILY = "1,2";
				TEST_HOST = "$(BUILT_PRODUCTS_DIR)/pass.app/pass";
			};
			name = Debug;
		};
		E5D2093A2130445000232F61 /* Release */ = {
			isa = XCBuildConfiguration;
			buildSettings = {
				ALWAYS_EMBED_SWIFT_STANDARD_LIBRARIES = YES;
				BUNDLE_LOADER = "$(TEST_HOST)";
				CODE_SIGN_STYLE = Automatic;
				DEVELOPMENT_TEAM = CLD4662W5Q;
				INFOPLIST_FILE = passTests/Info.plist;
				LD_RUNPATH_SEARCH_PATHS = (
					"$(inherited)",
					"@executable_path/Frameworks",
					"@loader_path/Frameworks",
				);
				PRODUCT_BUNDLE_IDENTIFIER = com.release.passTests;
				PRODUCT_NAME = "$(TARGET_NAME)";
				SWIFT_VERSION = 4.0;
				TARGETED_DEVICE_FAMILY = "1,2";
				TEST_HOST = "$(BUILT_PRODUCTS_DIR)/pass.app/pass";
			};
			name = Release;
		};
		E5D2093C2130445000232F61 /* Debug */ = {
			isa = XCBuildConfiguration;
			buildSettings = {
				ALWAYS_EMBED_SWIFT_STANDARD_LIBRARIES = YES;
				CODE_SIGN_STYLE = Automatic;
				DEVELOPMENT_TEAM = CLD4662W5Q;
				INFOPLIST_FILE = passUITests/Info.plist;
				LD_RUNPATH_SEARCH_PATHS = (
					"$(inherited)",
					"@executable_path/Frameworks",
					"@loader_path/Frameworks",
				);
				PRODUCT_BUNDLE_IDENTIFIER = com.release.passUITests;
				PRODUCT_NAME = "$(TARGET_NAME)";
				SWIFT_VERSION = 4.0;
				TARGETED_DEVICE_FAMILY = "1,2";
				TEST_TARGET_NAME = pass;
			};
			name = Debug;
		};
		E5D2093D2130445000232F61 /* Release */ = {
			isa = XCBuildConfiguration;
			buildSettings = {
				ALWAYS_EMBED_SWIFT_STANDARD_LIBRARIES = YES;
				CODE_SIGN_STYLE = Automatic;
				DEVELOPMENT_TEAM = CLD4662W5Q;
				INFOPLIST_FILE = passUITests/Info.plist;
				LD_RUNPATH_SEARCH_PATHS = (
					"$(inherited)",
					"@executable_path/Frameworks",
					"@loader_path/Frameworks",
				);
				PRODUCT_BUNDLE_IDENTIFIER = com.release.passUITests;
				PRODUCT_NAME = "$(TARGET_NAME)";
				SWIFT_VERSION = 4.0;
				TARGETED_DEVICE_FAMILY = "1,2";
				TEST_TARGET_NAME = pass;
			};
			name = Release;
		};
/* End XCBuildConfiguration section */

/* Begin XCConfigurationList section */
		E5D209082130444F00232F61 /* Build configuration list for PBXProject "pass" */ = {
			isa = XCConfigurationList;
			buildConfigurations = (
				E5D209332130445000232F61 /* Debug */,
				E5D209342130445000232F61 /* Release */,
			);
			defaultConfigurationIsVisible = 0;
			defaultConfigurationName = Release;
		};
		E5D209352130445000232F61 /* Build configuration list for PBXNativeTarget "pass" */ = {
			isa = XCConfigurationList;
			buildConfigurations = (
				E5D209362130445000232F61 /* Debug */,
				E5D209372130445000232F61 /* Release */,
			);
			defaultConfigurationIsVisible = 0;
			defaultConfigurationName = Release;
		};
		E5D209382130445000232F61 /* Build configuration list for PBXNativeTarget "passTests" */ = {
			isa = XCConfigurationList;
			buildConfigurations = (
				E5D209392130445000232F61 /* Debug */,
				E5D2093A2130445000232F61 /* Release */,
			);
			defaultConfigurationIsVisible = 0;
			defaultConfigurationName = Release;
		};
		E5D2093B2130445000232F61 /* Build configuration list for PBXNativeTarget "passUITests" */ = {
			isa = XCConfigurationList;
			buildConfigurations = (
				E5D2093C2130445000232F61 /* Debug */,
				E5D2093D2130445000232F61 /* Release */,
			);
			defaultConfigurationIsVisible = 0;
			defaultConfigurationName = Release;
		};
/* End XCConfigurationList section */
	};
	rootObject = E5D209052130444F00232F61 /* Project object */;
}
